
Microsoft Visual Studio Solution File, Format Version 12.00
# Visual Studio Version 17
VisualStudioVersion = 17.4.33205.214
MinimumVisualStudioVersion = 10.0.40219.1
Project("{9A19103F-16F7-4668-BE54-9A1E7A4F7556}") = "BicycleRental.Server", "BicycleRental\Server\BicycleRental.Server.csproj", "{CFEF235C-F3B5-43EB-9767-3469AD7B58B7}"
EndProject
Project("{9A19103F-16F7-4668-BE54-9A1E7A4F7556}") = "BicycleRental.Client", "BicycleRental\Client\BicycleRental.Client.csproj", "{AF284449-BBAF-4B84-B3AB-C1EA1AD1A8EE}"
EndProject
Project("{9A19103F-16F7-4668-BE54-9A1E7A4F7556}") = "BicycleRental.Shared", "BicycleRental\Shared\BicycleRental.Shared.csproj", "{DBFAB726-D5E0-4894-8A2F-14EC072C368B}"
EndProject
Global
	GlobalSection(SolutionConfigurationPlatforms) = preSolution
		Debug|Any CPU = Debug|Any CPU
		Release|Any CPU = Release|Any CPU
	EndGlobalSection
	GlobalSection(ProjectConfigurationPlatforms) = postSolution
		{CFEF235C-F3B5-43EB-9767-3469AD7B58B7}.Debug|Any CPU.ActiveCfg = Debug|Any CPU
		{CFEF235C-F3B5-43EB-9767-3469AD7B58B7}.Debug|Any CPU.Build.0 = Debug|Any CPU
		{CFEF235C-F3B5-43EB-9767-3469AD7B58B7}.Release|Any CPU.ActiveCfg = Release|Any CPU
		{CFEF235C-F3B5-43EB-9767-3469AD7B58B7}.Release|Any CPU.Build.0 = Release|Any CPU
		{AF284449-BBAF-4B84-B3AB-C1EA1AD1A8EE}.Debug|Any CPU.ActiveCfg = Debug|Any CPU
		{AF284449-BBAF-4B84-B3AB-C1EA1AD1A8EE}.Debug|Any CPU.Build.0 = Debug|Any CPU
		{AF284449-BBAF-4B84-B3AB-C1EA1AD1A8EE}.Release|Any CPU.ActiveCfg = Release|Any CPU
		{AF284449-BBAF-4B84-B3AB-C1EA1AD1A8EE}.Release|Any CPU.Build.0 = Release|Any CPU
		{DBFAB726-D5E0-4894-8A2F-14EC072C368B}.Debug|Any CPU.ActiveCfg = Debug|Any CPU
		{DBFAB726-D5E0-4894-8A2F-14EC072C368B}.Debug|Any CPU.Build.0 = Debug|Any CPU
		{DBFAB726-D5E0-4894-8A2F-14EC072C368B}.Release|Any CPU.ActiveCfg = Release|Any CPU
		{DBFAB726-D5E0-4894-8A2F-14EC072C368B}.Release|Any CPU.Build.0 = Release|Any CPU
	EndGlobalSection
	GlobalSection(SolutionProperties) = preSolution
		HideSolutionNode = FALSE
	EndGlobalSection
	GlobalSection(ExtensibilityGlobals) = postSolution
		SolutionGuid = {701C013B-ED26-44EE-9C4E-C799641C6037}
	EndGlobalSection
EndGlobal
